{
  "name": "vue-styleguidist-example-basic",
  "version": "1.6.0",
  "lockfileVersion": 1,
  "requires": true,
  "dependencies": {
    "babel-helper-builder-react-jsx": {
      "version": "6.26.0",
      "resolved": "https://registry.npmjs.org/babel-helper-builder-react-jsx/-/babel-helper-builder-react-jsx-6.26.0.tgz",
      "integrity": "sha1-Of+DE7dci2Xc7/HzHTg+D/KkCKA=",
      "requires": {
        "babel-runtime": "6.26.0",
        "babel-types": "6.26.0",
        "esutils": "2.0.2"
      }
    },
    "babel-plugin-syntax-flow": {
      "version": "6.18.0",
      "resolved": "https://registry.npmjs.org/babel-plugin-syntax-flow/-/babel-plugin-syntax-flow-6.18.0.tgz",
      "integrity": "sha1-TDqyCiryaqIM0lmVw5jE63AxDI0="
    },
    "babel-plugin-syntax-jsx": {
      "version": "6.18.0",
      "resolved": "https://registry.npmjs.org/babel-plugin-syntax-jsx/-/babel-plugin-syntax-jsx-6.18.0.tgz",
      "integrity": "sha1-CvMqmm4Tyno/1QaeYtew9Y0NiUY="
    },
    "babel-plugin-transform-flow-strip-types": {
      "version": "6.22.0",
      "resolved": "https://registry.npmjs.org/babel-plugin-transform-flow-strip-types/-/babel-plugin-transform-flow-strip-types-6.22.0.tgz",
      "integrity": "sha1-hMtnKTXUNxT9wyvOhFaNh0Qc988=",
      "requires": {
        "babel-plugin-syntax-flow": "6.18.0",
        "babel-runtime": "6.26.0"
      }
    },
    "babel-plugin-transform-react-display-name": {
      "version": "6.25.0",
      "resolved": "https://registry.npmjs.org/babel-plugin-transform-react-display-name/-/babel-plugin-transform-react-display-name-6.25.0.tgz",
      "integrity": "sha1-Z+K/Hx6ck6sI25Z5LgU5K/LMKNE=",
      "requires": {
        "babel-runtime": "6.26.0"
      }
    },
    "babel-plugin-transform-react-jsx": {
      "version": "6.24.1",
      "resolved": "https://registry.npmjs.org/babel-plugin-transform-react-jsx/-/babel-plugin-transform-react-jsx-6.24.1.tgz",
      "integrity": "sha1-hAoCjn30YN/DotKfDA2R9jduZqM=",
      "requires": {
        "babel-helper-builder-react-jsx": "6.26.0",
        "babel-plugin-syntax-jsx": "6.18.0",
        "babel-runtime": "6.26.0"
      }
    },
    "babel-plugin-transform-react-jsx-self": {
      "version": "6.22.0",
      "resolved": "https://registry.npmjs.org/babel-plugin-transform-react-jsx-self/-/babel-plugin-transform-react-jsx-self-6.22.0.tgz",
      "integrity": "sha1-322AqdomEqEh5t3XVYvL7PBuY24=",
      "requires": {
        "babel-plugin-syntax-jsx": "6.18.0",
        "babel-runtime": "6.26.0"
      }
    },
    "babel-plugin-transform-react-jsx-source": {
      "version": "6.22.0",
      "resolved": "https://registry.npmjs.org/babel-plugin-transform-react-jsx-source/-/babel-plugin-transform-react-jsx-source-6.22.0.tgz",
      "integrity": "sha1-ZqwSFT9c0tF7PBkmj0vwGX9E7NY=",
      "requires": {
        "babel-plugin-syntax-jsx": "6.18.0",
        "babel-runtime": "6.26.0"
      }
    },
    "babel-preset-flow": {
      "version": "6.23.0",
      "resolved": "https://registry.npmjs.org/babel-preset-flow/-/babel-preset-flow-6.23.0.tgz",
      "integrity": "sha1-5xIYiHCFrpoktb5Baa/7WZgWxJ0=",
      "requires": {
        "babel-plugin-transform-flow-strip-types": "6.22.0"
      }
    },
    "babel-preset-react": {
      "version": "6.24.1",
      "resolved": "https://registry.npmjs.org/babel-preset-react/-/babel-preset-react-6.24.1.tgz",
      "integrity": "sha1-umnfrqRfw+xjm2pOzqbhdwLJE4A=",
      "requires": {
        "babel-plugin-syntax-jsx": "6.18.0",
        "babel-plugin-transform-react-display-name": "6.25.0",
        "babel-plugin-transform-react-jsx": "6.24.1",
        "babel-plugin-transform-react-jsx-self": "6.22.0",
        "babel-plugin-transform-react-jsx-source": "6.22.0",
        "babel-preset-flow": "6.23.0"
      }
    },
    "babel-runtime": {
      "version": "6.26.0",
      "resolved": "https://registry.npmjs.org/babel-runtime/-/babel-runtime-6.26.0.tgz",
      "integrity": "sha1-llxwWGaOgrVde/4E/yM3vItWR/4=",
      "requires": {
        "core-js": "2.5.3",
        "regenerator-runtime": "0.11.1"
      }
    },
    "babel-types": {
      "version": "6.26.0",
      "resolved": "https://registry.npmjs.org/babel-types/-/babel-types-6.26.0.tgz",
      "integrity": "sha1-o7Bz+Uq0nrb6Vc1lInozQ4BjJJc=",
      "requires": {
        "babel-runtime": "6.26.0",
        "esutils": "2.0.2",
        "lodash": "4.17.5",
        "to-fast-properties": "1.0.3"
      }
    },
    "core-js": {
      "version": "2.5.3",
      "resolved": "https://registry.npmjs.org/core-js/-/core-js-2.5.3.tgz",
      "integrity": "sha1-isw4NFgk8W2DZbfJtCWRaOjtYD4="
    },
    "esutils": {
      "version": "2.0.2",
      "resolved": "https://registry.npmjs.org/esutils/-/esutils-2.0.2.tgz",
      "integrity": "sha1-Cr9PHKpbyx96nYrMbepPqqBLrJs="
    },
    "lodash": {
      "version": "4.17.5",
      "resolved": "https://registry.npmjs.org/lodash/-/lodash-4.17.5.tgz",
      "integrity": "sha512-svL3uiZf1RwhH+cWrfZn3A4+U58wbP0tGVTLQPbjplZxZ8ROD9VLuNgsRniTlLe7OlSqR79RUehXgpBW/s0IQw=="
    },
    "regenerator-runtime": {
      "version": "0.11.1",
      "resolved": "https://registry.npmjs.org/regenerator-runtime/-/regenerator-runtime-0.11.1.tgz",
      "integrity": "sha512-MguG95oij0fC3QV3URf4V2SDYGJhJnJGqvIIgdECeODCT98wSWDAJ94SSuVpYQUoTcGUIL6L4yNB7j1DFFHSBg=="
    },
    "to-fast-properties": {
      "version": "1.0.3",
      "resolved": "https://registry.npmjs.org/to-fast-properties/-/to-fast-properties-1.0.3.tgz",
      "integrity": "sha1-uDVx+k2MJbguIxsG46MFXeTKGkc="
    }
  }
}
